
Microsoft Visual Studio Solution File, Format Version 12.00
# Visual Studio Version 17
VisualStudioVersion = 17.3.32825.248
MinimumVisualStudioVersion = 10.0.40219.1
Project("{FAE04EC0-301F-11D3-BF4B-00C04F79EFBC}") = "Lista1Ex6", "Lista1Ex6\Lista1Ex6.csproj", "{2DA44DB8-1379-4CC1-B063-B19FA6F149F7}"
EndProject
Global
	GlobalSection(SolutionConfigurationPlatforms) = preSolution
		Debug|Any CPU = Debug|Any CPU
		Release|Any CPU = Release|Any CPU
	EndGlobalSection
	GlobalSection(ProjectConfigurationPlatforms) = postSolution
		{2DA44DB8-1379-4CC1-B063-B19FA6F149F7}.Debug|Any CPU.ActiveCfg = Debug|Any CPU
		{2DA44DB8-1379-4CC1-B063-B19FA6F149F7}.Debug|Any CPU.Build.0 = Debug|Any CPU
		{2DA44DB8-1379-4CC1-B063-B19FA6F149F7}.Release|Any CPU.ActiveCfg = Release|Any CPU
		{2DA44DB8-1379-4CC1-B063-B19FA6F149F7}.Release|Any CPU.Build.0 = Release|Any CPU
	EndGlobalSection
	GlobalSection(SolutionProperties) = preSolution
		HideSolutionNode = FALSE
	EndGlobalSection
	GlobalSection(ExtensibilityGlobals) = postSolution
		SolutionGuid = {090F2733-2C28-44AF-AFC3-A1C803FB6BC9}
	EndGlobalSection
EndGlobal
